// !$*UTF8*$!
{
	archiveVersion = 1;
	classes = {
	};
	objectVersion = 46;
	objects = {

/* Begin PBXBuildFile section */
		14CC99F61CD077CB0060B994 /* main.m in Sources */ = {isa = PBXBuildFile; fileRef = 14CC99F51CD077CB0060B994 /* main.m */; };
		14CC99F91CD077CB0060B994 /* AppDelegate.m in Sources */ = {isa = PBXBuildFile; fileRef = 14CC99F81CD077CB0060B994 /* AppDelegate.m */; };
		14CC99FC1CD077CB0060B994 /* ViewController.m in Sources */ = {isa = PBXBuildFile; fileRef = 14CC99FB1CD077CB0060B994 /* ViewController.m */; };
		14CC99FF1CD077CB0060B994 /* Main.storyboard in Resources */ = {isa = PBXBuildFile; fileRef = 14CC99FD1CD077CB0060B994 /* Main.storyboard */; };
		14CC9A011CD077CB0060B994 /* Assets.xcassets in Resources */ = {isa = PBXBuildFile; fileRef = 14CC9A001CD077CB0060B994 /* Assets.xcassets */; };
		14CC9A041CD077CB0060B994 /* LaunchScreen.storyboard in Resources */ = {isa = PBXBuildFile; fileRef = 14CC9A021CD077CB0060B994 /* LaunchScreen.storyboard */; };
		14CC9A261CD078200060B994 /* IJKMediaControl.m in Sources */ = {isa = PBXBuildFile; fileRef = 14CC9A1A1CD0781F0060B994 /* IJKMediaControl.m */; };
		14CC9A271CD078200060B994 /* IJKMoviePlayerViewController.m in Sources */ = {isa = PBXBuildFile; fileRef = 14CC9A1C1CD0781F0060B994 /* IJKMoviePlayerViewController.m */; };
		14CC9A281CD078200060B994 /* IJKMoviePlayerViewController.xib in Resources */ = {isa = PBXBuildFile; fileRef = 14CC9A1D1CD0781F0060B994 /* IJKMoviePlayerViewController.xib */; };
		14CC9A291CD078200060B994 /* LGDRTMPViewController.m in Sources */ = {isa = PBXBuildFile; fileRef = 14CC9A1F1CD0781F0060B994 /* LGDRTMPViewController.m */; };
		14CC9A2A1CD078200060B994 /* Barcode.m in Sources */ = {isa = PBXBuildFile; fileRef = 14CC9A221CD078200060B994 /* Barcode.m */; };
		14CC9A2B1CD078200060B994 /* IJKDemoHistory.m in Sources */ = {isa = PBXBuildFile; fileRef = 14CC9A251CD078200060B994 /* IJKDemoHistory.m */; };
		14CC9A2E1CD0787E0060B994 /* libz.tbd in Frameworks */ = {isa = PBXBuildFile; fileRef = 14CC9A2D1CD0787E0060B994 /* libz.tbd */; };
		14CC9A301CD078990060B994 /* libbz2.tbd in Frameworks */ = {isa = PBXBuildFile; fileRef = 14CC9A2F1CD078990060B994 /* libbz2.tbd */; };
		14CC9A321CD078D50060B994 /* libiconv.tbd in Frameworks */ = {isa = PBXBuildFile; fileRef = 14CC9A311CD078D50060B994 /* libiconv.tbd */; };
		14CC9A341CD078E70060B994 /* VideoToolbox.framework in Frameworks */ = {isa = PBXBuildFile; fileRef = 14CC9A331CD078E70060B994 /* VideoToolbox.framework */; };
		14CC9A371CD0790A0060B994 /* AVFoundation.framework in Frameworks */ = {isa = PBXBuildFile; fileRef = 14CC9A361CD0790A0060B994 /* AVFoundation.framework */; };
		14CC9A391CD0791B0060B994 /* CoreGraphics.framework in Frameworks */ = {isa = PBXBuildFile; fileRef = 14CC9A381CD0791B0060B994 /* CoreGraphics.framework */; };
		14CC9A3B1CD079230060B994 /* CoreMedia.framework in Frameworks */ = {isa = PBXBuildFile; fileRef = 14CC9A3A1CD079230060B994 /* CoreMedia.framework */; };
		14CC9A3D1CD079310060B994 /* MediaPlayer.framework in Frameworks */ = {isa = PBXBuildFile; fileRef = 14CC9A3C1CD079310060B994 /* MediaPlayer.framework */; };
		14CC9A3F1CD079390060B994 /* MobileCoreServices.framework in Frameworks */ = {isa = PBXBuildFile; fileRef = 14CC9A3E1CD079390060B994 /* MobileCoreServices.framework */; };
		14CC9A411CD079400060B994 /* OpenGLES.framework in Frameworks */ = {isa = PBXBuildFile; fileRef = 14CC9A401CD079400060B994 /* OpenGLES.framework */; };
		14CC9A441CD0842B0060B994 /* IJKMediaFramework.framework in Frameworks */ = {isa = PBXBuildFile; fileRef = 14CC9A431CD0842B0060B994 /* IJKMediaFramework.framework */; };
/* End PBXBuildFile section */

/* Begin PBXFileReference section */
		14CC99F11CD077CB0060B994 /* TIJKPlayer.app */ = {isa = PBXFileReference; explicitFileType = wrapper.application; includeInIndex = 0; path = TIJKPlayer.app; sourceTree = BUILT_PRODUCTS_DIR; };
		14CC99F51CD077CB0060B994 /* main.m */ = {isa = PBXFileReference; lastKnownFileType = sourcecode.c.objc; path = main.m; sourceTree = "<group>"; };
		14CC99F71CD077CB0060B994 /* AppDelegate.h */ = {isa = PBXFileReference; lastKnownFileType = sourcecode.c.h; path = AppDelegate.h; sourceTree = "<group>"; };
		14CC99F81CD077CB0060B994 /* AppDelegate.m */ = {isa = PBXFileReference; lastKnownFileType = sourcecode.c.objc; path = AppDelegate.m; sourceTree = "<group>"; };
		14CC99FA1CD077CB0060B994 /* ViewController.h */ = {isa = PBXFileReference; lastKnownFileType = sourcecode.c.h; path = ViewController.h; sourceTree = "<group>"; };
		14CC99FB1CD077CB0060B994 /* ViewController.m */ = {isa = PBXFileReference; lastKnownFileType = sourcecode.c.objc; path = ViewController.m; sourceTree = "<group>"; };
		14CC99FE1CD077CB0060B994 /* Base */ = {isa = PBXFileReference; lastKnownFileType = file.storyboard; name = Base; path = Base.lproj/Main.storyboard; sourceTree = "<group>"; };
		14CC9A001CD077CB0060B994 /* Assets.xcassets */ = {isa = PBXFileReference; lastKnownFileType = folder.assetcatalog; path = Assets.xcassets; sourceTree = "<group>"; };
		14CC9A031CD077CB0060B994 /* Base */ = {isa = PBXFileReference; lastKnownFileType = file.storyboard; name = Base; path = Base.lproj/LaunchScreen.storyboard; sourceTree = "<group>"; };
		14CC9A051CD077CB0060B994 /* Info.plist */ = {isa = PBXFileReference; lastKnownFileType = text.plist.xml; path = Info.plist; sourceTree = "<group>"; };
		14CC9A191CD0781F0060B994 /* IJKMediaControl.h */ = {isa = PBXFileReference; fileEncoding = 4; lastKnownFileType = sourcecode.c.h; path = IJKMediaControl.h; sourceTree = "<group>"; };
		14CC9A1A1CD0781F0060B994 /* IJKMediaControl.m */ = {isa = PBXFileReference; fileEncoding = 4; lastKnownFileType = sourcecode.c.objc; path = IJKMediaControl.m; sourceTree = "<group>"; };
		14CC9A1B1CD0781F0060B994 /* IJKMoviePlayerViewController.h */ = {isa = PBXFileReference; fileEncoding = 4; lastKnownFileType = sourcecode.c.h; path = IJKMoviePlayerViewController.h; sourceTree = "<group>"; };
		14CC9A1C1CD0781F0060B994 /* IJKMoviePlayerViewController.m */ = {isa = PBXFileReference; fileEncoding = 4; lastKnownFileType = sourcecode.c.objc; path = IJKMoviePlayerViewController.m; sourceTree = "<group>"; };
		14CC9A1D1CD0781F0060B994 /* IJKMoviePlayerViewController.xib */ = {isa = PBXFileReference; fileEncoding = 4; lastKnownFileType = file.xib; path = IJKMoviePlayerViewController.xib; sourceTree = "<group>"; };
		14CC9A1E1CD0781F0060B994 /* LGDRTMPViewController.h */ = {isa = PBXFileReference; fileEncoding = 4; lastKnownFileType = sourcecode.c.h; path = LGDRTMPViewController.h; sourceTree = "<group>"; };
		14CC9A1F1CD0781F0060B994 /* LGDRTMPViewController.m */ = {isa = PBXFileReference; fileEncoding = 4; lastKnownFileType = sourcecode.c.objc; path = LGDRTMPViewController.m; sourceTree = "<group>"; };
		14CC9A211CD078200060B994 /* Barcode.h */ = {isa = PBXFileReference; fileEncoding = 4; lastKnownFileType = sourcecode.c.h; path = Barcode.h; sourceTree = "<group>"; };
		14CC9A221CD078200060B994 /* Barcode.m */ = {isa = PBXFileReference; fileEncoding = 4; lastKnownFileType = sourcecode.c.objc; path = Barcode.m; sourceTree = "<group>"; };
		14CC9A231CD078200060B994 /* IJKCommon.h */ = {isa = PBXFileReference; fileEncoding = 4; lastKnownFileType = sourcecode.c.h; path = IJKCommon.h; sourceTree = "<group>"; };
		14CC9A241CD078200060B994 /* IJKDemoHistory.h */ = {isa = PBXFileReference; fileEncoding = 4; lastKnownFileType = sourcecode.c.h; path = IJKDemoHistory.h; sourceTree = "<group>"; };
		14CC9A251CD078200060B994 /* IJKDemoHistory.m */ = {isa = PBXFileReference; fileEncoding = 4; lastKnownFileType = sourcecode.c.objc; path = IJKDemoHistory.m; sourceTree = "<group>"; };
		14CC9A2D1CD0787E0060B994 /* libz.tbd */ = {isa = PBXFileReference; lastKnownFileType = "sourcecode.text-based-dylib-definition"; name = libz.tbd; path = usr/lib/libz.tbd; sourceTree = SDKROOT; };
		14CC9A2F1CD078990060B994 /* libbz2.tbd */ = {isa = PBXFileReference; lastKnownFileType = "sourcecode.text-based-dylib-definition"; name = libbz2.tbd; path = usr/lib/libbz2.tbd; sourceTree = SDKROOT; };
		14CC9A311CD078D50060B994 /* libiconv.tbd */ = {isa = PBXFileReference; lastKnownFileType = "sourcecode.text-based-dylib-definition"; name = libiconv.tbd; path = usr/lib/libiconv.tbd; sourceTree = SDKROOT; };
		14CC9A331CD078E70060B994 /* VideoToolbox.framework */ = {isa = PBXFileReference; lastKnownFileType = wrapper.framework; name = VideoToolbox.framework; path = System/Library/Frameworks/VideoToolbox.framework; sourceTree = SDKROOT; };
		14CC9A361CD0790A0060B994 /* AVFoundation.framework */ = {isa = PBXFileReference; lastKnownFileType = wrapper.framework; name = AVFoundation.framework; path = System/Library/Frameworks/AVFoundation.framework; sourceTree = SDKROOT; };
		14CC9A381CD0791B0060B994 /* CoreGraphics.framework */ = {isa = PBXFileReference; lastKnownFileType = wrapper.framework; name = CoreGraphics.framework; path = System/Library/Frameworks/CoreGraphics.framework; sourceTree = SDKROOT; };
		14CC9A3A1CD079230060B994 /* CoreMedia.framework */ = {isa = PBXFileReference; lastKnownFileType = wrapper.framework; name = CoreMedia.framework; path = System/Library/Frameworks/CoreMedia.framework; sourceTree = SDKROOT; };
		14CC9A3C1CD079310060B994 /* MediaPlayer.framework */ = {isa = PBXFileReference; lastKnownFileType = wrapper.framework; name = MediaPlayer.framework; path = System/Library/Frameworks/MediaPlayer.framework; sourceTree = SDKROOT; };
		14CC9A3E1CD079390060B994 /* MobileCoreServices.framework */ = {isa = PBXFileReference; lastKnownFileType = wrapper.framework; name = MobileCoreServices.framework; path = System/Library/Frameworks/MobileCoreServices.framework; sourceTree = SDKROOT; };
		14CC9A401CD079400060B994 /* OpenGLES.framework */ = {isa = PBXFileReference; lastKnownFileType = wrapper.framework; name = OpenGLES.framework; path = System/Library/Frameworks/OpenGLES.framework; sourceTree = SDKROOT; };
		14CC9A431CD0842B0060B994 /* IJKMediaFramework.framework */ = {isa = PBXFileReference; lastKnownFileType = wrapper.framework; name = IJKMediaFramework.framework; path = "../../../../../../Users/xy/Library/Developer/Xcode/DerivedData/IJKMediaPlayer-dkynqedtecautjbrvkicxmawyxqv/Build/Products/Debug-iphonesimulator/IJKMediaFramework.framework"; sourceTree = "<group>"; };
/* End PBXFileReference section */

/* Begin PBXFrameworksBuildPhase section */
		14CC99EE1CD077CB0060B994 /* Frameworks */ = {
			isa = PBXFrameworksBuildPhase;
			buildActionMask = 2147483647;
			files = (
				14CC9A341CD078E70060B994 /* VideoToolbox.framework in Frameworks */,
				14CC9A411CD079400060B994 /* OpenGLES.framework in Frameworks */,
				14CC9A3F1CD079390060B994 /* MobileCoreServices.framework in Frameworks */,
				14CC9A3D1CD079310060B994 /* MediaPlayer.framework in Frameworks */,
				14CC9A3B1CD079230060B994 /* CoreMedia.framework in Frameworks */,
				14CC9A441CD0842B0060B994 /* IJKMediaFramework.framework in Frameworks */,
				14CC9A391CD0791B0060B994 /* CoreGraphics.framework in Frameworks */,
				14CC9A371CD0790A0060B994 /* AVFoundation.framework in Frameworks */,
				14CC9A321CD078D50060B994 /* libiconv.tbd in Frameworks */,
				14CC9A301CD078990060B994 /* libbz2.tbd in Frameworks */,
				14CC9A2E1CD0787E0060B994 /* libz.tbd in Frameworks */,
			);
			runOnlyForDeploymentPostprocessing = 0;
		};
/* End PBXFrameworksBuildPhase section */

/* Begin PBXGroup section */
		14CC99E81CD077CB0060B994 = {
			isa = PBXGroup;
			children = (
				14CC9A401CD079400060B994 /* OpenGLES.framework */,
				14CC9A3E1CD079390060B994 /* MobileCoreServices.framework */,
				14CC9A3C1CD079310060B994 /* MediaPlayer.framework */,
				14CC9A3A1CD079230060B994 /* CoreMedia.framework */,
				14CC9A381CD0791B0060B994 /* CoreGraphics.framework */,
				14CC9A361CD0790A0060B994 /* AVFoundation.framework */,
				14CC9A331CD078E70060B994 /* VideoToolbox.framework */,
				14CC9A311CD078D50060B994 /* libiconv.tbd */,
				14CC9A431CD0842B0060B994 /* IJKMediaFramework.framework */,
				14CC9A2F1CD078990060B994 /* libbz2.tbd */,
				14CC9A2D1CD0787E0060B994 /* libz.tbd */,
				14CC99F31CD077CB0060B994 /* TIJKPlayer */,
				14CC99F21CD077CB0060B994 /* Products */,
			);
			sourceTree = "<group>";
		};
		14CC99F21CD077CB0060B994 /* Products */ = {
			isa = PBXGroup;
			children = (
				14CC99F11CD077CB0060B994 /* TIJKPlayer.app */,
			);
			name = Products;
			sourceTree = "<group>";
		};
		14CC99F31CD077CB0060B994 /* TIJKPlayer */ = {
			isa = PBXGroup;
			children = (
				14CC99F71CD077CB0060B994 /* AppDelegate.h */,
				14CC99F81CD077CB0060B994 /* AppDelegate.m */,
				14CC99FA1CD077CB0060B994 /* ViewController.h */,
				14CC99FB1CD077CB0060B994 /* ViewController.m */,
				14CC9A181CD0781F0060B994 /* ViewController */,
				14CC99FD1CD077CB0060B994 /* Main.storyboard */,
				14CC9A001CD077CB0060B994 /* Assets.xcassets */,
				14CC9A021CD077CB0060B994 /* LaunchScreen.storyboard */,
				14CC9A051CD077CB0060B994 /* Info.plist */,
				14CC99F41CD077CB0060B994 /* Supporting Files */,
			);
			path = TIJKPlayer;
			sourceTree = "<group>";
		};
		14CC99F41CD077CB0060B994 /* Supporting Files */ = {
			isa = PBXGroup;
			children = (
				14CC99F51CD077CB0060B994 /* main.m */,
			);
			name = "Supporting Files";
			sourceTree = "<group>";
		};
		14CC9A181CD0781F0060B994 /* ViewController */ = {
			isa = PBXGroup;
			children = (
				14CC9A191CD0781F0060B994 /* IJKMediaControl.h */,
				14CC9A1A1CD0781F0060B994 /* IJKMediaControl.m */,
				14CC9A1B1CD0781F0060B994 /* IJKMoviePlayerViewController.h */,
				14CC9A1C1CD0781F0060B994 /* IJKMoviePlayerViewController.m */,
				14CC9A1D1CD0781F0060B994 /* IJKMoviePlayerViewController.xib */,
				14CC9A1E1CD0781F0060B994 /* LGDRTMPViewController.h */,
				14CC9A1F1CD0781F0060B994 /* LGDRTMPViewController.m */,
				14CC9A201CD0781F0060B994 /* Misc */,
			);
			path = ViewController;
			sourceTree = "<group>";
		};
		14CC9A201CD0781F0060B994 /* Misc */ = {
			isa = PBXGroup;
			children = (
				14CC9A211CD078200060B994 /* Barcode.h */,
				14CC9A221CD078200060B994 /* Barcode.m */,
				14CC9A231CD078200060B994 /* IJKCommon.h */,
				14CC9A241CD078200060B994 /* IJKDemoHistory.h */,
				14CC9A251CD078200060B994 /* IJKDemoHistory.m */,
			);
			path = Misc;
			sourceTree = "<group>";
		};
/* End PBXGroup section */

/* Begin PBXNativeTarget section */
		14CC99F01CD077CB0060B994 /* TIJKPlayer */ = {
			isa = PBXNativeTarget;
			buildConfigurationList = 14CC9A081CD077CB0060B994 /* Build configuration list for PBXNativeTarget "TIJKPlayer" */;
			buildPhases = (
				14CC99ED1CD077CB0060B994 /* Sources */,
				14CC99EE1CD077CB0060B994 /* Frameworks */,
				14CC99EF1CD077CB0060B994 /* Resources */,
			);
			buildRules = (
			);
			dependencies = (
			);
			name = TIJKPlayer;
			productName = TIJKPlayer;
			productReference = 14CC99F11CD077CB0060B994 /* TIJKPlayer.app */;
			productType = "com.apple.product-type.application";
		};
/* End PBXNativeTarget section */

/* Begin PBXProject section */
		14CC99E91CD077CB0060B994 /* Project object */ = {
			isa = PBXProject;
			attributes = {
				LastUpgradeCheck = 0720;
				ORGANIZATIONNAME = yuenvshen;
				TargetAttributes = {
					14CC99F01CD077CB0060B994 = {
						CreatedOnToolsVersion = 7.2;
					};
				};
			};
			buildConfigurationList = 14CC99EC1CD077CB0060B994 /* Build configuration list for PBXProject "TIJKPlayer" */;
			compatibilityVersion = "Xcode 3.2";
			developmentRegion = English;
			hasScannedForEncodings = 0;
			knownRegions = (
				en,
				Base,
			);
			mainGroup = 14CC99E81CD077CB0060B994;
			productRefGroup = 14CC99F21CD077CB0060B994 /* Products */;
			projectDirPath = "";
			projectRoot = "";
			targets = (
				14CC99F01CD077CB0060B994 /* TIJKPlayer */,
			);
		};
/* End PBXProject section */

/* Begin PBXResourcesBuildPhase section */
		14CC99EF1CD077CB0060B994 /* Resources */ = {
			isa = PBXResourcesBuildPhase;
			buildActionMask = 2147483647;
			files = (
				14CC9A041CD077CB0060B994 /* LaunchScreen.storyboard in Resources */,
				14CC9A011CD077CB0060B994 /* Assets.xcassets in Resources */,
				14CC9A281CD078200060B994 /* IJKMoviePlayerViewController.xib in Resources */,
				14CC99FF1CD077CB0060B994 /* Main.storyboard in Resources */,
			);
			runOnlyForDeploymentPostprocessing = 0;
		};
/* End PBXResourcesBuildPhase section */

/* Begin PBXSourcesBuildPhase section */
		14CC99ED1CD077CB0060B994 /* Sources */ = {
			isa = PBXSourcesBuildPhase;
			buildActionMask = 2147483647;
			files = (
				14CC9A2B1CD078200060B994 /* IJKDemoHistory.m in Sources */,
				14CC99FC1CD077CB0060B994 /* ViewController.m in Sources */,
				14CC99F91CD077CB0060B994 /* AppDelegate.m in Sources */,
				14CC9A2A1CD078200060B994 /* Barcode.m in Sources */,
				14CC9A271CD078200060B994 /* IJKMoviePlayerViewController.m in Sources */,
				14CC99F61CD077CB0060B994 /* main.m in Sources */,
				14CC9A261CD078200060B994 /* IJKMediaControl.m in Sources */,
				14CC9A291CD078200060B994 /* LGDRTMPViewController.m in Sources */,
			);
			runOnlyForDeploymentPostprocessing = 0;
		};
/* End PBXSourcesBuildPhase section */

/* Begin PBXVariantGroup section */
		14CC99FD1CD077CB0060B994 /* Main.storyboard */ = {
			isa = PBXVariantGroup;
			children = (
				14CC99FE1CD077CB0060B994 /* Base */,
			);
			name = Main.storyboard;
			sourceTree = "<group>";
		};
		14CC9A021CD077CB0060B994 /* LaunchScreen.storyboard */ = {
			isa = PBXVariantGroup;
			children = (
				14CC9A031CD077CB0060B994 /* Base */,
			);
			name = LaunchScreen.storyboard;
			sourceTree = "<group>";
		};
/* End PBXVariantGroup section */

/* Begin XCBuildConfiguration section */
		14CC9A061CD077CB0060B994 /* Debug */ = {
			isa = XCBuildConfiguration;
			buildSettings = {
				ALWAYS_SEARCH_USER_PATHS = NO;
				CLANG_CXX_LANGUAGE_STANDARD = "gnu++0x";
				CLANG_CXX_LIBRARY = "libc++";
				CLANG_ENABLE_MODULES = YES;
				CLANG_ENABLE_OBJC_ARC = YES;
				CLANG_WARN_BOOL_CONVERSION = YES;
				CLANG_WARN_CONSTANT_CONVERSION = YES;
				CLANG_WARN_DIRECT_OBJC_ISA_USAGE = YES_ERROR;
				CLANG_WARN_EMPTY_BODY = YES;
				CLANG_WARN_ENUM_CONVERSION = YES;
				CLANG_WARN_INT_CONVERSION = YES;
				CLANG_WARN_OBJC_ROOT_CLASS = YES_ERROR;
				CLANG_WARN_UNREACHABLE_CODE = YES;
				CLANG_WARN__DUPLICATE_METHOD_MATCH = YES;
				"CODE_SIGN_IDENTITY[sdk=iphoneos*]" = "iPhone Developer";
				COPY_PHASE_STRIP = NO;
				DEBUG_INFORMATION_FORMAT = dwarf;
				ENABLE_STRICT_OBJC_MSGSEND = YES;
				ENABLE_TESTABILITY = YES;
				GCC_C_LANGUAGE_STANDARD = gnu99;
				GCC_DYNAMIC_NO_PIC = NO;
				GCC_NO_COMMON_BLOCKS = YES;
				GCC_OPTIMIZATION_LEVEL = 0;
				GCC_PREPROCESSOR_DEFINITIONS = (
					"DEBUG=1",
					"$(inherited)",
				);
				GCC_WARN_64_TO_32_BIT_CONVERSION = YES;
				GCC_WARN_ABOUT_RETURN_TYPE = YES_ERROR;
				GCC_WARN_UNDECLARED_SELECTOR = YES;
				GCC_WARN_UNINITIALIZED_AUTOS = YES_AGGRESSIVE;
				GCC_WARN_UNUSED_FUNCTION = YES;
				GCC_WARN_UNUSED_VARIABLE = YES;
				IPHONEOS_DEPLOYMENT_TARGET = 9.2;
				MTL_ENABLE_DEBUG_INFO = YES;
				ONLY_ACTIVE_ARCH = YES;
				SDKROOT = iphoneos;
			};
			name = Debug;
		};
		14CC9A071CD077CB0060B994 /* Release */ = {
			isa = XCBuildConfiguration;
			buildSettings = {
				ALWAYS_SEARCH_USER_PATHS = NO;
				CLANG_CXX_LANGUAGE_STANDARD = "gnu++0x";
				CLANG_CXX_LIBRARY = "libc++";
				CLANG_ENABLE_MODULES = YES;
				CLANG_ENABLE_OBJC_ARC = YES;
				CLANG_WARN_BOOL_CONVERSION = YES;
				CLANG_WARN_CONSTANT_CONVERSION = YES;
				CLANG_WARN_DIRECT_OBJC_ISA_USAGE = YES_ERROR;
				CLANG_WARN_EMPTY_BODY = YES;
				CLANG_WARN_ENUM_CONVERSION = YES;
				CLANG_WARN_INT_CONVERSION = YES;
				CLANG_WARN_OBJC_ROOT_CLASS = YES_ERROR;
				CLANG_WARN_UNREACHABLE_CODE = YES;
				CLANG_WARN__DUPLICATE_METHOD_MATCH = YES;
				"CODE_SIGN_IDENTITY[sdk=iphoneos*]" = "iPhone Developer";
				COPY_PHASE_STRIP = NO;
				DEBUG_INFORMATION_FORMAT = "dwarf-with-dsym";
				ENABLE_NS_ASSERTIONS = NO;
				ENABLE_STRICT_OBJC_MSGSEND = YES;
				GCC_C_LANGUAGE_STANDARD = gnu99;
				GCC_NO_COMMON_BLOCKS = YES;
				GCC_WARN_64_TO_32_BIT_CONVERSION = YES;
				GCC_WARN_ABOUT_RETURN_TYPE = YES_ERROR;
				GCC_WARN_UNDECLARED_SELECTOR = YES;
				GCC_WARN_UNINITIALIZED_AUTOS = YES_AGGRESSIVE;
				GCC_WARN_UNUSED_FUNCTION = YES;
				GCC_WARN_UNUSED_VARIABLE = YES;
				IPHONEOS_DEPLOYMENT_TARGET = 9.2;
				MTL_ENABLE_DEBUG_INFO = NO;
				SDKROOT = iphoneos;
				VALIDATE_PRODUCT = YES;
			};
			name = Release;
		};
		14CC9A091CD077CB0060B994 /* Debug */ = {
			isa = XCBuildConfiguration;
			buildSettings = {
				ASSETCATALOG_COMPILER_APPICON_NAME = AppIcon;
				INFOPLIST_FILE = TIJKPlayer/Info.plist;
				LD_RUNPATH_SEARCH_PATHS = "$(inherited) @executable_path/Frameworks";
				PRODUCT_BUNDLE_IDENTIFIER = com.yuenvshen.TIJKPlayer;
				PRODUCT_NAME = "$(TARGET_NAME)";
			};
			name = Debug;
		};
		14CC9A0A1CD077CB0060B994 /* Release */ = {
			isa = XCBuildConfiguration;
			buildSettings = {
				ASSETCATALOG_COMPILER_APPICON_NAME = AppIcon;
				INFOPLIST_FILE = TIJKPlayer/Info.plist;
				LD_RUNPATH_SEARCH_PATHS = "$(inherited) @executable_path/Frameworks";
				PRODUCT_BUNDLE_IDENTIFIER = com.yuenvshen.TIJKPlayer;
				PRODUCT_NAME = "$(TARGET_NAME)";
			};
			name = Release;
		};
/* End XCBuildConfiguration section */

/* Begin XCConfigurationList section */
		14CC99EC1CD077CB0060B994 /* Build configuration list for PBXProject "TIJKPlayer" */ = {
			isa = XCConfigurationList;
			buildConfigurations = (
				14CC9A061CD077CB0060B994 /* Debug */,
				14CC9A071CD077CB0060B994 /* Release */,
			);
			defaultConfigurationIsVisible = 0;
			defaultConfigurationName = Release;
		};
		14CC9A081CD077CB0060B994 /* Build configuration list for PBXNativeTarget "TIJKPlayer" */ = {
			isa = XCConfigurationList;
			buildConfigurations = (
				14CC9A091CD077CB0060B994 /* Debug */,
				14CC9A0A1CD077CB0060B994 /* Release */,
			);
			defaultConfigurationIsVisible = 0;
			defaultConfigurationName = Release;
		};
/* End XCConfigurationList section */
	};
	rootObject = 14CC99E91CD077CB0060B994 /* Project object */;
}
